
Microsoft Visual Studio Solution File, Format Version 12.00
# Visual Studio 15
VisualStudioVersion = 15.0.26020.0
MinimumVisualStudioVersion = 10.0.40219.1
Project("{2150E333-8FDC-42A3-9474-1A3956D46DE8}") = "src", "src", "{18796219-3992-4A87-AD8C-641617A4D597}"
EndProject
Project("{2150E333-8FDC-42A3-9474-1A3956D46DE8}") = "Solution Items", "Solution Items", "{BF537D83-3A35-4E53-B806-144461F1AD91}"
	ProjectSection(SolutionItems) = preProject
		global.json = global.json
	EndProjectSection
EndProject
Project("{9A19103F-16F7-4668-BE54-9A1E7A4F7556}") = "ApiCzTesterCore", "src\ApiCzTesterCore\ApiCzTesterCore.csproj", "{C085AA9C-04E7-4050-AB3C-02D57EE47C24}"
EndProject
Project("{9A19103F-16F7-4668-BE54-9A1E7A4F7556}") = "ApiMonitoringTester", "src\ApiMonitoringTester\ApiMonitoringTester.csproj", "{1146ED20-4E7F-4ADB-949C-1706192580A5}"
EndProject
Project("{9A19103F-16F7-4668-BE54-9A1E7A4F7556}") = "FinstatApi", "src\FinstatApi\FinstatApi.csproj", "{F5854C91-C33C-44F3-9EAB-B5A381B1A05E}"
EndProject
Global
	GlobalSection(SolutionConfigurationPlatforms) = preSolution
		Debug|Any CPU = Debug|Any CPU
		Release|Any CPU = Release|Any CPU
	EndGlobalSection
	GlobalSection(ProjectConfigurationPlatforms) = postSolution
		{C085AA9C-04E7-4050-AB3C-02D57EE47C24}.Debug|Any CPU.ActiveCfg = Debug|Any CPU
		{C085AA9C-04E7-4050-AB3C-02D57EE47C24}.Debug|Any CPU.Build.0 = Debug|Any CPU
		{C085AA9C-04E7-4050-AB3C-02D57EE47C24}.Release|Any CPU.ActiveCfg = Release|Any CPU
		{C085AA9C-04E7-4050-AB3C-02D57EE47C24}.Release|Any CPU.Build.0 = Release|Any CPU
		{1146ED20-4E7F-4ADB-949C-1706192580A5}.Debug|Any CPU.ActiveCfg = Debug|Any CPU
		{1146ED20-4E7F-4ADB-949C-1706192580A5}.Debug|Any CPU.Build.0 = Debug|Any CPU
		{1146ED20-4E7F-4ADB-949C-1706192580A5}.Release|Any CPU.ActiveCfg = Release|Any CPU
		{1146ED20-4E7F-4ADB-949C-1706192580A5}.Release|Any CPU.Build.0 = Release|Any CPU
		{F5854C91-C33C-44F3-9EAB-B5A381B1A05E}.Debug|Any CPU.ActiveCfg = Debug|Any CPU
		{F5854C91-C33C-44F3-9EAB-B5A381B1A05E}.Debug|Any CPU.Build.0 = Debug|Any CPU
		{F5854C91-C33C-44F3-9EAB-B5A381B1A05E}.Release|Any CPU.ActiveCfg = Release|Any CPU
		{F5854C91-C33C-44F3-9EAB-B5A381B1A05E}.Release|Any CPU.Build.0 = Release|Any CPU
	EndGlobalSection
	GlobalSection(SolutionProperties) = preSolution
		HideSolutionNode = FALSE
	EndGlobalSection
	GlobalSection(NestedProjects) = preSolution
		{C085AA9C-04E7-4050-AB3C-02D57EE47C24} = {18796219-3992-4A87-AD8C-641617A4D597}
		{1146ED20-4E7F-4ADB-949C-1706192580A5} = {18796219-3992-4A87-AD8C-641617A4D597}
		{F5854C91-C33C-44F3-9EAB-B5A381B1A05E} = {18796219-3992-4A87-AD8C-641617A4D597}
	EndGlobalSection
EndGlobal
